
Microsoft Visual Studio Solution File, Format Version 11.00
# Visual Studio 2010
Project("{FAE04EC0-301F-11D3-BF4B-00C04F79EFBC}") = "ArrowHit v2.4", "Assembly-CSharp.csproj", "{C0532F9B-89BF-8D40-2AF5-E368DA4CF104}"
EndProject
Global
	GlobalSection(SolutionConfigurationPlatforms) = preSolution
		Debug|Any CPU = Debug|Any CPU
		Release|Any CPU = Release|Any CPU
	EndGlobalSection
	GlobalSection(ProjectConfigurationPlatforms) = postSolution
		{C0532F9B-89BF-8D40-2AF5-E368DA4CF104}.Debug|Any CPU.ActiveCfg = Debug|Any CPU
		{C0532F9B-89BF-8D40-2AF5-E368DA4CF104}.Debug|Any CPU.Build.0 = Debug|Any CPU
		{C0532F9B-89BF-8D40-2AF5-E368DA4CF104}.Release|Any CPU.ActiveCfg = Release|Any CPU
		{C0532F9B-89BF-8D40-2AF5-E368DA4CF104}.Release|Any CPU.Build.0 = Release|Any CPU
	EndGlobalSection
	GlobalSection(SolutionProperties) = preSolution
		HideSolutionNode = FALSE
	EndGlobalSection
	GlobalSection(MonoDevelopProperties) = preSolution
		StartupItem = Assembly-CSharp.csproj
	EndGlobalSection
EndGlobal
